
Microsoft Visual Studio Solution File, Format Version 12.00
# Visual Studio Version 16
VisualStudioVersion = 16.0.31205.134
MinimumVisualStudioVersion = 10.0.40219.1
Project("{FAE04EC0-301F-11D3-BF4B-00C04F79EFBC}") = "Server", "Server.csproj", "{D7576CBF-F54D-435C-81D3-C1E12255A267}"
EndProject
Global
	GlobalSection(SolutionConfigurationPlatforms) = preSolution
		Debug|Any CPU = Debug|Any CPU
		Release|Any CPU = Release|Any CPU
	EndGlobalSection
	GlobalSection(ProjectConfigurationPlatforms) = postSolution
		{D7576CBF-F54D-435C-81D3-C1E12255A267}.Debug|Any CPU.ActiveCfg = Debug|Any CPU
		{D7576CBF-F54D-435C-81D3-C1E12255A267}.Debug|Any CPU.Build.0 = Debug|Any CPU
		{D7576CBF-F54D-435C-81D3-C1E12255A267}.Release|Any CPU.ActiveCfg = Release|Any CPU
		{D7576CBF-F54D-435C-81D3-C1E12255A267}.Release|Any CPU.Build.0 = Release|Any CPU
	EndGlobalSection
	GlobalSection(SolutionProperties) = preSolution
		HideSolutionNode = FALSE
	EndGlobalSection
	GlobalSection(ExtensibilityGlobals) = postSolution
		SolutionGuid = {E0722C50-E18F-40C4-8443-4D90093B12A3}
	EndGlobalSection
EndGlobal
